// !$*UTF8*$!
{
	archiveVersion = 1;
	classes = {
	};
	objectVersion = 46;
	objects = {

/* Begin PBXBuildFile section */
		3F1245C01AF7A0C70077FAB1 /* AppDelegate.swift in Sources */ = {isa = PBXBuildFile; fileRef = 3F1245BF1AF7A0C70077FAB1 /* AppDelegate.swift */; };
		3F1245C21AF7A0C70077FAB1 /* ViewController.swift in Sources */ = {isa = PBXBuildFile; fileRef = 3F1245C11AF7A0C70077FAB1 /* ViewController.swift */; };
		3F1245C51AF7A0C70077FAB1 /* Main.storyboard in Resources */ = {isa = PBXBuildFile; fileRef = 3F1245C31AF7A0C70077FAB1 /* Main.storyboard */; };
		3F1245C71AF7A0C70077FAB1 /* Images.xcassets in Resources */ = {isa = PBXBuildFile; fileRef = 3F1245C61AF7A0C70077FAB1 /* Images.xcassets */; };
		3F1245CA1AF7A0C70077FAB1 /* LaunchScreen.xib in Resources */ = {isa = PBXBuildFile; fileRef = 3F1245C81AF7A0C70077FAB1 /* LaunchScreen.xib */; };
		3F1245D61AF7A0C70077FAB1 /* p2pDemoTests.swift in Sources */ = {isa = PBXBuildFile; fileRef = 3F1245D51AF7A0C70077FAB1 /* p2pDemoTests.swift */; };
		3F1245E11AF7A14B0077FAB1 /* MultipeerConnectivity.framework in Frameworks */ = {isa = PBXBuildFile; fileRef = 3F1245DF1AF7A12D0077FAB1 /* MultipeerConnectivity.framework */; };
		3F1245E71AF8A9AB0077FAB1 /* iStock_000017889649_60.png in Resources */ = {isa = PBXBuildFile; fileRef = 3F1245E41AF8A9AB0077FAB1 /* iStock_000017889649_60.png */; };
		3F1245E81AF8A9AB0077FAB1 /* iStock_000017889649_120.png in Resources */ = {isa = PBXBuildFile; fileRef = 3F1245E51AF8A9AB0077FAB1 /* iStock_000017889649_120.png */; };
		3F1245E91AF8A9AB0077FAB1 /* iStock_000017889649_180.png in Resources */ = {isa = PBXBuildFile; fileRef = 3F1245E61AF8A9AB0077FAB1 /* iStock_000017889649_180.png */; };
		3F1245EB1AF8AC2E0077FAB1 /* iStock_000017889649_80.png in Resources */ = {isa = PBXBuildFile; fileRef = 3F1245EA1AF8AC2E0077FAB1 /* iStock_000017889649_80.png */; };
		3F1245EE1AF8ACE50077FAB1 /* iStock_000017889649_58.png in Resources */ = {isa = PBXBuildFile; fileRef = 3F1245EC1AF8ACE50077FAB1 /* iStock_000017889649_58.png */; };
		3F1245EF1AF8ACE50077FAB1 /* iStock_000017889649_87.png in Resources */ = {isa = PBXBuildFile; fileRef = 3F1245ED1AF8ACE50077FAB1 /* iStock_000017889649_87.png */; };
		3F3DDD7A1AFBCA9100A46976 /* Connector.swift in Sources */ = {isa = PBXBuildFile; fileRef = 3F3DDD791AFBCA9100A46976 /* Connector.swift */; };
/* End PBXBuildFile section */

/* Begin PBXContainerItemProxy section */
		3F1245D01AF7A0C70077FAB1 /* PBXContainerItemProxy */ = {
			isa = PBXContainerItemProxy;
			containerPortal = 3F1245B21AF7A0C70077FAB1 /* Project object */;
			proxyType = 1;
			remoteGlobalIDString = 3F1245B91AF7A0C70077FAB1;
			remoteInfo = p2pDemo;
		};
/* End PBXContainerItemProxy section */

/* Begin PBXFileReference section */
		3F1245BA1AF7A0C70077FAB1 /* p2pDemo.app */ = {isa = PBXFileReference; explicitFileType = wrapper.application; includeInIndex = 0; path = p2pDemo.app; sourceTree = BUILT_PRODUCTS_DIR; };
		3F1245BE1AF7A0C70077FAB1 /* Info.plist */ = {isa = PBXFileReference; lastKnownFileType = text.plist.xml; path = Info.plist; sourceTree = "<group>"; };
		3F1245BF1AF7A0C70077FAB1 /* AppDelegate.swift */ = {isa = PBXFileReference; lastKnownFileType = sourcecode.swift; path = AppDelegate.swift; sourceTree = "<group>"; };
		3F1245C11AF7A0C70077FAB1 /* ViewController.swift */ = {isa = PBXFileReference; lastKnownFileType = sourcecode.swift; path = ViewController.swift; sourceTree = "<group>"; };
		3F1245C41AF7A0C70077FAB1 /* Base */ = {isa = PBXFileReference; lastKnownFileType = file.storyboard; name = Base; path = Base.lproj/Main.storyboard; sourceTree = "<group>"; };
		3F1245C61AF7A0C70077FAB1 /* Images.xcassets */ = {isa = PBXFileReference; lastKnownFileType = folder.assetcatalog; path = Images.xcassets; sourceTree = "<group>"; };
		3F1245C91AF7A0C70077FAB1 /* Base */ = {isa = PBXFileReference; lastKnownFileType = file.xib; name = Base; path = Base.lproj/LaunchScreen.xib; sourceTree = "<group>"; };
		3F1245CF1AF7A0C70077FAB1 /* p2pDemoTests.xctest */ = {isa = PBXFileReference; explicitFileType = wrapper.cfbundle; includeInIndex = 0; path = p2pDemoTests.xctest; sourceTree = BUILT_PRODUCTS_DIR; };
		3F1245D41AF7A0C70077FAB1 /* Info.plist */ = {isa = PBXFileReference; lastKnownFileType = text.plist.xml; path = Info.plist; sourceTree = "<group>"; };
		3F1245D51AF7A0C70077FAB1 /* p2pDemoTests.swift */ = {isa = PBXFileReference; lastKnownFileType = sourcecode.swift; path = p2pDemoTests.swift; sourceTree = "<group>"; };
		3F1245DF1AF7A12D0077FAB1 /* MultipeerConnectivity.framework */ = {isa = PBXFileReference; lastKnownFileType = wrapper.framework; name = MultipeerConnectivity.framework; path = System/Library/Frameworks/MultipeerConnectivity.framework; sourceTree = SDKROOT; };
		3F1245E41AF8A9AB0077FAB1 /* iStock_000017889649_60.png */ = {isa = PBXFileReference; lastKnownFileType = image.png; name = iStock_000017889649_60.png; path = Images.xcassets/iStock_000017889649_60.png; sourceTree = "<group>"; };
		3F1245E51AF8A9AB0077FAB1 /* iStock_000017889649_120.png */ = {isa = PBXFileReference; lastKnownFileType = image.png; name = iStock_000017889649_120.png; path = Images.xcassets/iStock_000017889649_120.png; sourceTree = "<group>"; };
		3F1245E61AF8A9AB0077FAB1 /* iStock_000017889649_180.png */ = {isa = PBXFileReference; lastKnownFileType = image.png; name = iStock_000017889649_180.png; path = Images.xcassets/iStock_000017889649_180.png; sourceTree = "<group>"; };
		3F1245EA1AF8AC2E0077FAB1 /* iStock_000017889649_80.png */ = {isa = PBXFileReference; lastKnownFileType = image.png; name = iStock_000017889649_80.png; path = Images.xcassets/iStock_000017889649_80.png; sourceTree = "<group>"; };
		3F1245EC1AF8ACE50077FAB1 /* iStock_000017889649_58.png */ = {isa = PBXFileReference; lastKnownFileType = image.png; name = iStock_000017889649_58.png; path = Images.xcassets/iStock_000017889649_58.png; sourceTree = "<group>"; };
		3F1245ED1AF8ACE50077FAB1 /* iStock_000017889649_87.png */ = {isa = PBXFileReference; lastKnownFileType = image.png; name = iStock_000017889649_87.png; path = Images.xcassets/iStock_000017889649_87.png; sourceTree = "<group>"; };
		3F3DDD791AFBCA9100A46976 /* Connector.swift */ = {isa = PBXFileReference; fileEncoding = 4; lastKnownFileType = sourcecode.swift; path = Connector.swift; sourceTree = "<group>"; };
/* End PBXFileReference section */

/* Begin PBXFrameworksBuildPhase section */
		3F1245B71AF7A0C70077FAB1 /* Frameworks */ = {
			isa = PBXFrameworksBuildPhase;
			buildActionMask = 2147483647;
			files = (
				3F1245E11AF7A14B0077FAB1 /* MultipeerConnectivity.framework in Frameworks */,
			);
			runOnlyForDeploymentPostprocessing = 0;
		};
		3F1245CC1AF7A0C70077FAB1 /* Frameworks */ = {
			isa = PBXFrameworksBuildPhase;
			buildActionMask = 2147483647;
			files = (
			);
			runOnlyForDeploymentPostprocessing = 0;
		};
/* End PBXFrameworksBuildPhase section */

/* Begin PBXGroup section */
		3F1245B11AF7A0C70077FAB1 = {
			isa = PBXGroup;
			children = (
				3F1245DF1AF7A12D0077FAB1 /* MultipeerConnectivity.framework */,
				3F1245BC1AF7A0C70077FAB1 /* p2pDemo */,
				3F1245D21AF7A0C70077FAB1 /* p2pDemoTests */,
				3F1245BB1AF7A0C70077FAB1 /* Products */,
			);
			sourceTree = "<group>";
		};
		3F1245BB1AF7A0C70077FAB1 /* Products */ = {
			isa = PBXGroup;
			children = (
				3F1245BA1AF7A0C70077FAB1 /* p2pDemo.app */,
				3F1245CF1AF7A0C70077FAB1 /* p2pDemoTests.xctest */,
			);
			name = Products;
			sourceTree = "<group>";
		};
		3F1245BC1AF7A0C70077FAB1 /* p2pDemo */ = {
			isa = PBXGroup;
			children = (
				3F1245BF1AF7A0C70077FAB1 /* AppDelegate.swift */,
				3F1245C11AF7A0C70077FAB1 /* ViewController.swift */,
				3F1245C31AF7A0C70077FAB1 /* Main.storyboard */,
				3F1245C61AF7A0C70077FAB1 /* Images.xcassets */,
				3F1245C81AF7A0C70077FAB1 /* LaunchScreen.xib */,
				3F1245BD1AF7A0C70077FAB1 /* Supporting Files */,
				3F3DDD791AFBCA9100A46976 /* Connector.swift */,
			);
			path = p2pDemo;
			sourceTree = "<group>";
		};
		3F1245BD1AF7A0C70077FAB1 /* Supporting Files */ = {
			isa = PBXGroup;
			children = (
				3F1245EC1AF8ACE50077FAB1 /* iStock_000017889649_58.png */,
				3F1245ED1AF8ACE50077FAB1 /* iStock_000017889649_87.png */,
				3F1245EA1AF8AC2E0077FAB1 /* iStock_000017889649_80.png */,
				3F1245E41AF8A9AB0077FAB1 /* iStock_000017889649_60.png */,
				3F1245E51AF8A9AB0077FAB1 /* iStock_000017889649_120.png */,
				3F1245E61AF8A9AB0077FAB1 /* iStock_000017889649_180.png */,
				3F1245BE1AF7A0C70077FAB1 /* Info.plist */,
			);
			name = "Supporting Files";
			sourceTree = "<group>";
		};
		3F1245D21AF7A0C70077FAB1 /* p2pDemoTests */ = {
			isa = PBXGroup;
			children = (
				3F1245D51AF7A0C70077FAB1 /* p2pDemoTests.swift */,
				3F1245D31AF7A0C70077FAB1 /* Supporting Files */,
			);
			path = p2pDemoTests;
			sourceTree = "<group>";
		};
		3F1245D31AF7A0C70077FAB1 /* Supporting Files */ = {
			isa = PBXGroup;
			children = (
				3F1245D41AF7A0C70077FAB1 /* Info.plist */,
			);
			name = "Supporting Files";
			sourceTree = "<group>";
		};
/* End PBXGroup section */

/* Begin PBXNativeTarget section */
		3F1245B91AF7A0C70077FAB1 /* p2pDemo */ = {
			isa = PBXNativeTarget;
			buildConfigurationList = 3F1245D91AF7A0C70077FAB1 /* Build configuration list for PBXNativeTarget "p2pDemo" */;
			buildPhases = (
				3F1245B61AF7A0C70077FAB1 /* Sources */,
				3F1245B71AF7A0C70077FAB1 /* Frameworks */,
				3F1245B81AF7A0C70077FAB1 /* Resources */,
			);
			buildRules = (
			);
			dependencies = (
			);
			name = p2pDemo;
			productName = p2pDemo;
			productReference = 3F1245BA1AF7A0C70077FAB1 /* p2pDemo.app */;
			productType = "com.apple.product-type.application";
		};
		3F1245CE1AF7A0C70077FAB1 /* p2pDemoTests */ = {
			isa = PBXNativeTarget;
			buildConfigurationList = 3F1245DC1AF7A0C70077FAB1 /* Build configuration list for PBXNativeTarget "p2pDemoTests" */;
			buildPhases = (
				3F1245CB1AF7A0C70077FAB1 /* Sources */,
				3F1245CC1AF7A0C70077FAB1 /* Frameworks */,
				3F1245CD1AF7A0C70077FAB1 /* Resources */,
			);
			buildRules = (
			);
			dependencies = (
				3F1245D11AF7A0C70077FAB1 /* PBXTargetDependency */,
			);
			name = p2pDemoTests;
			productName = p2pDemoTests;
			productReference = 3F1245CF1AF7A0C70077FAB1 /* p2pDemoTests.xctest */;
			productType = "com.apple.product-type.bundle.unit-test";
		};
/* End PBXNativeTarget section */

/* Begin PBXProject section */
		3F1245B21AF7A0C70077FAB1 /* Project object */ = {
			isa = PBXProject;
			attributes = {
				LastUpgradeCheck = 0630;
				ORGANIZATIONNAME = gutte;
				TargetAttributes = {
					3F1245B91AF7A0C70077FAB1 = {
						CreatedOnToolsVersion = 6.3.1;
						DevelopmentTeam = 97R2B46745;
					};
					3F1245CE1AF7A0C70077FAB1 = {
						CreatedOnToolsVersion = 6.3.1;
						TestTargetID = 3F1245B91AF7A0C70077FAB1;
					};
				};
			};
			buildConfigurationList = 3F1245B51AF7A0C70077FAB1 /* Build configuration list for PBXProject "p2pDemo" */;
			compatibilityVersion = "Xcode 3.2";
			developmentRegion = English;
			hasScannedForEncodings = 0;
			knownRegions = (
				en,
				Base,
			);
			mainGroup = 3F1245B11AF7A0C70077FAB1;
			productRefGroup = 3F1245BB1AF7A0C70077FAB1 /* Products */;
			projectDirPath = "";
			projectRoot = "";
			targets = (
				3F1245B91AF7A0C70077FAB1 /* p2pDemo */,
				3F1245CE1AF7A0C70077FAB1 /* p2pDemoTests */,
			);
		};
/* End PBXProject section */

/* Begin PBXResourcesBuildPhase section */
		3F1245B81AF7A0C70077FAB1 /* Resources */ = {
			isa = PBXResourcesBuildPhase;
			buildActionMask = 2147483647;
			files = (
				3F1245EF1AF8ACE50077FAB1 /* iStock_000017889649_87.png in Resources */,
				3F1245E91AF8A9AB0077FAB1 /* iStock_000017889649_180.png in Resources */,
				3F1245EE1AF8ACE50077FAB1 /* iStock_000017889649_58.png in Resources */,
				3F1245C51AF7A0C70077FAB1 /* Main.storyboard in Resources */,
				3F1245CA1AF7A0C70077FAB1 /* LaunchScreen.xib in Resources */,
				3F1245E81AF8A9AB0077FAB1 /* iStock_000017889649_120.png in Resources */,
				3F1245E71AF8A9AB0077FAB1 /* iStock_000017889649_60.png in Resources */,
				3F1245C71AF7A0C70077FAB1 /* Images.xcassets in Resources */,
				3F1245EB1AF8AC2E0077FAB1 /* iStock_000017889649_80.png in Resources */,
			);
			runOnlyForDeploymentPostprocessing = 0;
		};
		3F1245CD1AF7A0C70077FAB1 /* Resources */ = {
			isa = PBXResourcesBuildPhase;
			buildActionMask = 2147483647;
			files = (
			);
			runOnlyForDeploymentPostprocessing = 0;
		};
/* End PBXResourcesBuildPhase section */

/* Begin PBXSourcesBuildPhase section */
		3F1245B61AF7A0C70077FAB1 /* Sources */ = {
			isa = PBXSourcesBuildPhase;
			buildActionMask = 2147483647;
			files = (
				3F3DDD7A1AFBCA9100A46976 /* Connector.swift in Sources */,
				3F1245C21AF7A0C70077FAB1 /* ViewController.swift in Sources */,
				3F1245C01AF7A0C70077FAB1 /* AppDelegate.swift in Sources */,
			);
			runOnlyForDeploymentPostprocessing = 0;
		};
		3F1245CB1AF7A0C70077FAB1 /* Sources */ = {
			isa = PBXSourcesBuildPhase;
			buildActionMask = 2147483647;
			files = (
				3F1245D61AF7A0C70077FAB1 /* p2pDemoTests.swift in Sources */,
			);
			runOnlyForDeploymentPostprocessing = 0;
		};
/* End PBXSourcesBuildPhase section */

/* Begin PBXTargetDependency section */
		3F1245D11AF7A0C70077FAB1 /* PBXTargetDependency */ = {
			isa = PBXTargetDependency;
			target = 3F1245B91AF7A0C70077FAB1 /* p2pDemo */;
			targetProxy = 3F1245D01AF7A0C70077FAB1 /* PBXContainerItemProxy */;
		};
/* End PBXTargetDependency section */

/* Begin PBXVariantGroup section */
		3F1245C31AF7A0C70077FAB1 /* Main.storyboard */ = {
			isa = PBXVariantGroup;
			children = (
				3F1245C41AF7A0C70077FAB1 /* Base */,
			);
			name = Main.storyboard;
			sourceTree = "<group>";
		};
		3F1245C81AF7A0C70077FAB1 /* LaunchScreen.xib */ = {
			isa = PBXVariantGroup;
			children = (
				3F1245C91AF7A0C70077FAB1 /* Base */,
			);
			name = LaunchScreen.xib;
			sourceTree = "<group>";
		};
/* End PBXVariantGroup section */

/* Begin XCBuildConfiguration section */
		3F1245D71AF7A0C70077FAB1 /* Debug */ = {
			isa = XCBuildConfiguration;
			buildSettings = {
				ALWAYS_SEARCH_USER_PATHS = NO;
				CLANG_CXX_LANGUAGE_STANDARD = "gnu++0x";
				CLANG_CXX_LIBRARY = "libc++";
				CLANG_ENABLE_MODULES = YES;
				CLANG_ENABLE_OBJC_ARC = YES;
				CLANG_WARN_BOOL_CONVERSION = YES;
				CLANG_WARN_CONSTANT_CONVERSION = YES;
				CLANG_WARN_DIRECT_OBJC_ISA_USAGE = YES_ERROR;
				CLANG_WARN_EMPTY_BODY = YES;
				CLANG_WARN_ENUM_CONVERSION = YES;
				CLANG_WARN_INT_CONVERSION = YES;
				CLANG_WARN_OBJC_ROOT_CLASS = YES_ERROR;
				CLANG_WARN_UNREACHABLE_CODE = YES;
				CLANG_WARN__DUPLICATE_METHOD_MATCH = YES;
				"CODE_SIGN_IDENTITY[sdk=iphoneos*]" = "iPhone Developer";
				COPY_PHASE_STRIP = NO;
				DEBUG_INFORMATION_FORMAT = "dwarf-with-dsym";
				ENABLE_STRICT_OBJC_MSGSEND = YES;
				GCC_C_LANGUAGE_STANDARD = gnu99;
				GCC_DYNAMIC_NO_PIC = NO;
				GCC_NO_COMMON_BLOCKS = YES;
				GCC_OPTIMIZATION_LEVEL = 0;
				GCC_PREPROCESSOR_DEFINITIONS = (
					"DEBUG=1",
					"$(inherited)",
				);
				GCC_SYMBOLS_PRIVATE_EXTERN = NO;
				GCC_WARN_64_TO_32_BIT_CONVERSION = YES;
				GCC_WARN_ABOUT_RETURN_TYPE = YES_ERROR;
				GCC_WARN_UNDECLARED_SELECTOR = YES;
				GCC_WARN_UNINITIALIZED_AUTOS = YES_AGGRESSIVE;
				GCC_WARN_UNUSED_FUNCTION = YES;
				GCC_WARN_UNUSED_VARIABLE = YES;
				IPHONEOS_DEPLOYMENT_TARGET = 8.3;
				MTL_ENABLE_DEBUG_INFO = YES;
				ONLY_ACTIVE_ARCH = YES;
				SDKROOT = iphoneos;
				SWIFT_OPTIMIZATION_LEVEL = "-Onone";
			};
			name = Debug;
		};
		3F1245D81AF7A0C70077FAB1 /* Release */ = {
			isa = XCBuildConfiguration;
			buildSettings = {
				ALWAYS_SEARCH_USER_PATHS = NO;
				CLANG_CXX_LANGUAGE_STANDARD = "gnu++0x";
				CLANG_CXX_LIBRARY = "libc++";
				CLANG_ENABLE_MODULES = YES;
				CLANG_ENABLE_OBJC_ARC = YES;
				CLANG_WARN_BOOL_CONVERSION = YES;
				CLANG_WARN_CONSTANT_CONVERSION = YES;
				CLANG_WARN_DIRECT_OBJC_ISA_USAGE = YES_ERROR;
				CLANG_WARN_EMPTY_BODY = YES;
				CLANG_WARN_ENUM_CONVERSION = YES;
				CLANG_WARN_INT_CONVERSION = YES;
				CLANG_WARN_OBJC_ROOT_CLASS = YES_ERROR;
				CLANG_WARN_UNREACHABLE_CODE = YES;
				CLANG_WARN__DUPLICATE_METHOD_MATCH = YES;
				"CODE_SIGN_IDENTITY[sdk=iphoneos*]" = "iPhone Developer";
				COPY_PHASE_STRIP = NO;
				DEBUG_INFORMATION_FORMAT = "dwarf-with-dsym";
				ENABLE_NS_ASSERTIONS = NO;
				ENABLE_STRICT_OBJC_MSGSEND = YES;
				GCC_C_LANGUAGE_STANDARD = gnu99;
				GCC_NO_COMMON_BLOCKS = YES;
				GCC_WARN_64_TO_32_BIT_CONVERSION = YES;
				GCC_WARN_ABOUT_RETURN_TYPE = YES_ERROR;
				GCC_WARN_UNDECLARED_SELECTOR = YES;
				GCC_WARN_UNINITIALIZED_AUTOS = YES_AGGRESSIVE;
				GCC_WARN_UNUSED_FUNCTION = YES;
				GCC_WARN_UNUSED_VARIABLE = YES;
				IPHONEOS_DEPLOYMENT_TARGET = 8.3;
				MTL_ENABLE_DEBUG_INFO = NO;
				SDKROOT = iphoneos;
				VALIDATE_PRODUCT = YES;
			};
			name = Release;
		};
		3F1245DA1AF7A0C70077FAB1 /* Debug */ = {
			isa = XCBuildConfiguration;
			buildSettings = {
				ASSETCATALOG_COMPILER_APPICON_NAME = AppIcon;
				CODE_SIGN_IDENTITY = "iPhone Developer";
				"CODE_SIGN_IDENTITY[sdk=iphoneos*]" = "iPhone Developer";
				INFOPLIST_FILE = p2pDemo/Info.plist;
				IPHONEOS_DEPLOYMENT_TARGET = 8.1;
				LD_RUNPATH_SEARCH_PATHS = "$(inherited) @executable_path/Frameworks";
				PRODUCT_NAME = "$(TARGET_NAME)";
				PROVISIONING_PROFILE = "";
			};
			name = Debug;
		};
		3F1245DB1AF7A0C70077FAB1 /* Release */ = {
			isa = XCBuildConfiguration;
			buildSettings = {
				ASSETCATALOG_COMPILER_APPICON_NAME = AppIcon;
				CODE_SIGN_IDENTITY = "iPhone Developer";
				"CODE_SIGN_IDENTITY[sdk=iphoneos*]" = "iPhone Developer";
				INFOPLIST_FILE = p2pDemo/Info.plist;
				IPHONEOS_DEPLOYMENT_TARGET = 8.1;
				LD_RUNPATH_SEARCH_PATHS = "$(inherited) @executable_path/Frameworks";
				PRODUCT_NAME = "$(TARGET_NAME)";
				PROVISIONING_PROFILE = "";
			};
			name = Release;
		};
		3F1245DD1AF7A0C70077FAB1 /* Debug */ = {
			isa = XCBuildConfiguration;
			buildSettings = {
				BUNDLE_LOADER = "$(TEST_HOST)";
				FRAMEWORK_SEARCH_PATHS = (
					"$(SDKROOT)/Developer/Library/Frameworks",
					"$(inherited)",
				);
				GCC_PREPROCESSOR_DEFINITIONS = (
					"DEBUG=1",
					"$(inherited)",
				);
				INFOPLIST_FILE = p2pDemoTests/Info.plist;
				LD_RUNPATH_SEARCH_PATHS = "$(inherited) @executable_path/Frameworks @loader_path/Frameworks";
				PRODUCT_NAME = "$(TARGET_NAME)";
				TEST_HOST = "$(BUILT_PRODUCTS_DIR)/p2pDemo.app/p2pDemo";
			};
			name = Debug;
		};
		3F1245DE1AF7A0C70077FAB1 /* Release */ = {
			isa = XCBuildConfiguration;
			buildSettings = {
				BUNDLE_LOADER = "$(TEST_HOST)";
				FRAMEWORK_SEARCH_PATHS = (
					"$(SDKROOT)/Developer/Library/Frameworks",
					"$(inherited)",
				);
				INFOPLIST_FILE = p2pDemoTests/Info.plist;
				LD_RUNPATH_SEARCH_PATHS = "$(inherited) @executable_path/Frameworks @loader_path/Frameworks";
				PRODUCT_NAME = "$(TARGET_NAME)";
				TEST_HOST = "$(BUILT_PRODUCTS_DIR)/p2pDemo.app/p2pDemo";
			};
			name = Release;
		};
/* End XCBuildConfiguration section */

/* Begin XCConfigurationList section */
		3F1245B51AF7A0C70077FAB1 /* Build configuration list for PBXProject "p2pDemo" */ = {
			isa = XCConfigurationList;
			buildConfigurations = (
				3F1245D71AF7A0C70077FAB1 /* Debug */,
				3F1245D81AF7A0C70077FAB1 /* Release */,
			);
			defaultConfigurationIsVisible = 0;
			defaultConfigurationName = Release;
		};
		3F1245D91AF7A0C70077FAB1 /* Build configuration list for PBXNativeTarget "p2pDemo" */ = {
			isa = XCConfigurationList;
			buildConfigurations = (
				3F1245DA1AF7A0C70077FAB1 /* Debug */,
				3F1245DB1AF7A0C70077FAB1 /* Release */,
			);
			defaultConfigurationIsVisible = 0;
			defaultConfigurationName = Release;
		};
		3F1245DC1AF7A0C70077FAB1 /* Build configuration list for PBXNativeTarget "p2pDemoTests" */ = {
			isa = XCConfigurationList;
			buildConfigurations = (
				3F1245DD1AF7A0C70077FAB1 /* Debug */,
				3F1245DE1AF7A0C70077FAB1 /* Release */,
			);
			defaultConfigurationIsVisible = 0;
			defaultConfigurationName = Release;
		};
/* End XCConfigurationList section */
	};
	rootObject = 3F1245B21AF7A0C70077FAB1 /* Project object */;
}
